// !$*UTF8*$!
{
	archiveVersion = 1;
	classes = {
	};
	objectVersion = 55;
	objects = {

/* Begin PBXBuildFile section */
		6306D88F71EDA0133E51465E /* Pods_MyGumiTimer.framework in Frameworks */ = {isa = PBXBuildFile; fileRef = C5A06C522C03E2697BD2A9FF /* Pods_MyGumiTimer.framework */; };
		9D01B8D8290AAD3300DF51E8 /* GumiListViewController.swift in Sources */ = {isa = PBXBuildFile; fileRef = 9D01B8D7290AAD3300DF51E8 /* GumiListViewController.swift */; };
		9D01B8DA290AAD7300DF51E8 /* GumiCell.swift in Sources */ = {isa = PBXBuildFile; fileRef = 9D01B8D9290AAD7300DF51E8 /* GumiCell.swift */; };
		9D01B8DE290AB90900DF51E8 /* GumiData.swift in Sources */ = {isa = PBXBuildFile; fileRef = 9D01B8DD290AB90900DF51E8 /* GumiData.swift */; };
		9DEF38052909B81700B5AA97 /* AppDelegate.swift in Sources */ = {isa = PBXBuildFile; fileRef = 9DEF38042909B81700B5AA97 /* AppDelegate.swift */; };
		9DEF38072909B81700B5AA97 /* SceneDelegate.swift in Sources */ = {isa = PBXBuildFile; fileRef = 9DEF38062909B81700B5AA97 /* SceneDelegate.swift */; };
		9DEF38092909B81700B5AA97 /* HomeViewController.swift in Sources */ = {isa = PBXBuildFile; fileRef = 9DEF38082909B81700B5AA97 /* HomeViewController.swift */; };
		9DEF380C2909B81700B5AA97 /* Main.storyboard in Resources */ = {isa = PBXBuildFile; fileRef = 9DEF380A2909B81700B5AA97 /* Main.storyboard */; };
		9DEF380E2909B81700B5AA97 /* Assets.xcassets in Resources */ = {isa = PBXBuildFile; fileRef = 9DEF380D2909B81700B5AA97 /* Assets.xcassets */; };
		9DEF38112909B81700B5AA97 /* LaunchScreen.storyboard in Resources */ = {isa = PBXBuildFile; fileRef = 9DEF380F2909B81700B5AA97 /* LaunchScreen.storyboard */; };
/* End PBXBuildFile section */

/* Begin PBXFileReference section */
		6F5CEE7EAA3945D73BC8FB69 /* Pods-MyGumiTimer.release.xcconfig */ = {isa = PBXFileReference; includeInIndex = 1; lastKnownFileType = text.xcconfig; name = "Pods-MyGumiTimer.release.xcconfig"; path = "Target Support Files/Pods-MyGumiTimer/Pods-MyGumiTimer.release.xcconfig"; sourceTree = "<group>"; };
		9D01B8D7290AAD3300DF51E8 /* GumiListViewController.swift */ = {isa = PBXFileReference; lastKnownFileType = sourcecode.swift; path = GumiListViewController.swift; sourceTree = "<group>"; };
		9D01B8D9290AAD7300DF51E8 /* GumiCell.swift */ = {isa = PBXFileReference; lastKnownFileType = sourcecode.swift; path = GumiCell.swift; sourceTree = "<group>"; };
		9D01B8DD290AB90900DF51E8 /* GumiData.swift */ = {isa = PBXFileReference; lastKnownFileType = sourcecode.swift; path = GumiData.swift; sourceTree = "<group>"; };
		9DEF38012909B81700B5AA97 /* MyGumiTimer.app */ = {isa = PBXFileReference; explicitFileType = wrapper.application; includeInIndex = 0; path = MyGumiTimer.app; sourceTree = BUILT_PRODUCTS_DIR; };
		9DEF38042909B81700B5AA97 /* AppDelegate.swift */ = {isa = PBXFileReference; lastKnownFileType = sourcecode.swift; path = AppDelegate.swift; sourceTree = "<group>"; };
		9DEF38062909B81700B5AA97 /* SceneDelegate.swift */ = {isa = PBXFileReference; lastKnownFileType = sourcecode.swift; path = SceneDelegate.swift; sourceTree = "<group>"; };
		9DEF38082909B81700B5AA97 /* HomeViewController.swift */ = {isa = PBXFileReference; lastKnownFileType = sourcecode.swift; path = HomeViewController.swift; sourceTree = "<group>"; };
		9DEF380B2909B81700B5AA97 /* Base */ = {isa = PBXFileReference; lastKnownFileType = file.storyboard; name = Base; path = Base.lproj/Main.storyboard; sourceTree = "<group>"; };
		9DEF380D2909B81700B5AA97 /* Assets.xcassets */ = {isa = PBXFileReference; lastKnownFileType = folder.assetcatalog; path = Assets.xcassets; sourceTree = "<group>"; };
		9DEF38102909B81700B5AA97 /* Base */ = {isa = PBXFileReference; lastKnownFileType = file.storyboard; name = Base; path = Base.lproj/LaunchScreen.storyboard; sourceTree = "<group>"; };
		9DEF38122909B81700B5AA97 /* Info.plist */ = {isa = PBXFileReference; lastKnownFileType = text.plist.xml; path = Info.plist; sourceTree = "<group>"; };
		C5A06C522C03E2697BD2A9FF /* Pods_MyGumiTimer.framework */ = {isa = PBXFileReference; explicitFileType = wrapper.framework; includeInIndex = 0; path = Pods_MyGumiTimer.framework; sourceTree = BUILT_PRODUCTS_DIR; };
		FF1B5DBD55C76A6867A51259 /* Pods-MyGumiTimer.debug.xcconfig */ = {isa = PBXFileReference; includeInIndex = 1; lastKnownFileType = text.xcconfig; name = "Pods-MyGumiTimer.debug.xcconfig"; path = "Target Support Files/Pods-MyGumiTimer/Pods-MyGumiTimer.debug.xcconfig"; sourceTree = "<group>"; };
/* End PBXFileReference section */

/* Begin PBXFrameworksBuildPhase section */
		9DEF37FE2909B81700B5AA97 /* Frameworks */ = {
			isa = PBXFrameworksBuildPhase;
			buildActionMask = 2147483647;
			files = (
				6306D88F71EDA0133E51465E /* Pods_MyGumiTimer.framework in Frameworks */,
			);
			runOnlyForDeploymentPostprocessing = 0;
		};
/* End PBXFrameworksBuildPhase section */

/* Begin PBXGroup section */
		6A251FD2E096CA9A77677162 /* Frameworks */ = {
			isa = PBXGroup;
			children = (
				C5A06C522C03E2697BD2A9FF /* Pods_MyGumiTimer.framework */,
			);
			name = Frameworks;
			sourceTree = "<group>";
		};
		9DEF37F82909B81700B5AA97 = {
			isa = PBXGroup;
			children = (
				9DEF38032909B81700B5AA97 /* MyGumiTimer */,
				9DEF38022909B81700B5AA97 /* Products */,
				B1D41C3E62854CC70225C878 /* Pods */,
				6A251FD2E096CA9A77677162 /* Frameworks */,
			);
			sourceTree = "<group>";
		};
		9DEF38022909B81700B5AA97 /* Products */ = {
			isa = PBXGroup;
			children = (
				9DEF38012909B81700B5AA97 /* MyGumiTimer.app */,
			);
			name = Products;
			sourceTree = "<group>";
		};
		9DEF38032909B81700B5AA97 /* MyGumiTimer */ = {
			isa = PBXGroup;
			children = (
				9DEF38042909B81700B5AA97 /* AppDelegate.swift */,
				9DEF38062909B81700B5AA97 /* SceneDelegate.swift */,
				9DEF38082909B81700B5AA97 /* HomeViewController.swift */,
				9DEF380A2909B81700B5AA97 /* Main.storyboard */,
				9D01B8D9290AAD7300DF51E8 /* GumiCell.swift */,
				9D01B8DD290AB90900DF51E8 /* GumiData.swift */,
				9D01B8D7290AAD3300DF51E8 /* GumiListViewController.swift */,
				9DEF380D2909B81700B5AA97 /* Assets.xcassets */,
				9DEF380F2909B81700B5AA97 /* LaunchScreen.storyboard */,
				9DEF38122909B81700B5AA97 /* Info.plist */,
			);
			path = MyGumiTimer;
			sourceTree = "<group>";
		};
		B1D41C3E62854CC70225C878 /* Pods */ = {
			isa = PBXGroup;
			children = (
				FF1B5DBD55C76A6867A51259 /* Pods-MyGumiTimer.debug.xcconfig */,
				6F5CEE7EAA3945D73BC8FB69 /* Pods-MyGumiTimer.release.xcconfig */,
			);
			path = Pods;
			sourceTree = "<group>";
		};
/* End PBXGroup section */

/* Begin PBXNativeTarget section */
		9DEF38002909B81700B5AA97 /* MyGumiTimer */ = {
			isa = PBXNativeTarget;
			buildConfigurationList = 9DEF38152909B81700B5AA97 /* Build configuration list for PBXNativeTarget "MyGumiTimer" */;
			buildPhases = (
				29F526F2515772532F11B11D /* [CP] Check Pods Manifest.lock */,
				9DEF37FD2909B81700B5AA97 /* Sources */,
				9DEF37FE2909B81700B5AA97 /* Frameworks */,
				9DEF37FF2909B81700B5AA97 /* Resources */,
				2B1BF1F134BBA38E09993138 /* [CP] Embed Pods Frameworks */,
			);
			buildRules = (
			);
			dependencies = (
			);
			name = MyGumiTimer;
			productName = MyGumiTimer;
			productReference = 9DEF38012909B81700B5AA97 /* MyGumiTimer.app */;
			productType = "com.apple.product-type.application";
		};
/* End PBXNativeTarget section */

/* Begin PBXProject section */
		9DEF37F92909B81700B5AA97 /* Project object */ = {
			isa = PBXProject;
			attributes = {
				BuildIndependentTargetsInParallel = 1;
				LastSwiftUpdateCheck = 1340;
				LastUpgradeCheck = 1340;
				TargetAttributes = {
					9DEF38002909B81700B5AA97 = {
						CreatedOnToolsVersion = 13.4.1;
					};
				};
			};
			buildConfigurationList = 9DEF37FC2909B81700B5AA97 /* Build configuration list for PBXProject "MyGumiTimer" */;
			compatibilityVersion = "Xcode 13.0";
			developmentRegion = en;
			hasScannedForEncodings = 0;
			knownRegions = (
				en,
				Base,
			);
			mainGroup = 9DEF37F82909B81700B5AA97;
			productRefGroup = 9DEF38022909B81700B5AA97 /* Products */;
			projectDirPath = "";
			projectRoot = "";
			targets = (
				9DEF38002909B81700B5AA97 /* MyGumiTimer */,
			);
		};
/* End PBXProject section */

/* Begin PBXResourcesBuildPhase section */
		9DEF37FF2909B81700B5AA97 /* Resources */ = {
			isa = PBXResourcesBuildPhase;
			buildActionMask = 2147483647;
			files = (
				9DEF38112909B81700B5AA97 /* LaunchScreen.storyboard in Resources */,
				9DEF380E2909B81700B5AA97 /* Assets.xcassets in Resources */,
				9DEF380C2909B81700B5AA97 /* Main.storyboard in Resources */,
			);
			runOnlyForDeploymentPostprocessing = 0;
		};
/* End PBXResourcesBuildPhase section */

/* Begin PBXShellScriptBuildPhase section */
		29F526F2515772532F11B11D /* [CP] Check Pods Manifest.lock */ = {
			isa = PBXShellScriptBuildPhase;
			buildActionMask = 2147483647;
			files = (
			);
			inputFileListPaths = (
			);
			inputPaths = (
				"${PODS_PODFILE_DIR_PATH}/Podfile.lock",
				"${PODS_ROOT}/Manifest.lock",
			);
			name = "[CP] Check Pods Manifest.lock";
			outputFileListPaths = (
			);
			outputPaths = (
				"$(DERIVED_FILE_DIR)/Pods-MyGumiTimer-checkManifestLockResult.txt",
			);
			runOnlyForDeploymentPostprocessing = 0;
			shellPath = /bin/sh;
			shellScript = "diff \"${PODS_PODFILE_DIR_PATH}/Podfile.lock\" \"${PODS_ROOT}/Manifest.lock\" > /dev/null\nif [ $? != 0 ] ; then\n    # print error to STDERR\n    echo \"error: The sandbox is not in sync with the Podfile.lock. Run 'pod install' or update your CocoaPods installation.\" >&2\n    exit 1\nfi\n# This output is used by Xcode 'outputs' to avoid re-running this script phase.\necho \"SUCCESS\" > \"${SCRIPT_OUTPUT_FILE_0}\"\n";
			showEnvVarsInLog = 0;
		};
		2B1BF1F134BBA38E09993138 /* [CP] Embed Pods Frameworks */ = {
			isa = PBXShellScriptBuildPhase;
			buildActionMask = 2147483647;
			files = (
			);
			inputFileListPaths = (
				"${PODS_ROOT}/Target Support Files/Pods-MyGumiTimer/Pods-MyGumiTimer-frameworks-${CONFIGURATION}-input-files.xcfilelist",
			);
			name = "[CP] Embed Pods Frameworks";
			outputFileListPaths = (
				"${PODS_ROOT}/Target Support Files/Pods-MyGumiTimer/Pods-MyGumiTimer-frameworks-${CONFIGURATION}-output-files.xcfilelist",
			);
			runOnlyForDeploymentPostprocessing = 0;
			shellPath = /bin/sh;
			shellScript = "\"${PODS_ROOT}/Target Support Files/Pods-MyGumiTimer/Pods-MyGumiTimer-frameworks.sh\"\n";
			showEnvVarsInLog = 0;
		};
/* End PBXShellScriptBuildPhase section */

/* Begin PBXSourcesBuildPhase section */
		9DEF37FD2909B81700B5AA97 /* Sources */ = {
			isa = PBXSourcesBuildPhase;
			buildActionMask = 2147483647;
			files = (
				9D01B8D8290AAD3300DF51E8 /* GumiListViewController.swift in Sources */,
				9DEF38092909B81700B5AA97 /* HomeViewController.swift in Sources */,
				9D01B8DE290AB90900DF51E8 /* GumiData.swift in Sources */,
				9DEF38052909B81700B5AA97 /* AppDelegate.swift in Sources */,
				9DEF38072909B81700B5AA97 /* SceneDelegate.swift in Sources */,
				9D01B8DA290AAD7300DF51E8 /* GumiCell.swift in Sources */,
			);
			runOnlyForDeploymentPostprocessing = 0;
		};
/* End PBXSourcesBuildPhase section */

/* Begin PBXVariantGroup section */
		9DEF380A2909B81700B5AA97 /* Main.storyboard */ = {
			isa = PBXVariantGroup;
			children = (
				9DEF380B2909B81700B5AA97 /* Base */,
			);
			name = Main.storyboard;
			sourceTree = "<group>";
		};
		9DEF380F2909B81700B5AA97 /* LaunchScreen.storyboard */ = {
			isa = PBXVariantGroup;
			children = (
				9DEF38102909B81700B5AA97 /* Base */,
			);
			name = LaunchScreen.storyboard;
			sourceTree = "<group>";
		};
/* End PBXVariantGroup section */

/* Begin XCBuildConfiguration section */
		9DEF38132909B81700B5AA97 /* Debug */ = {
			isa = XCBuildConfiguration;
			buildSettings = {
				ALWAYS_SEARCH_USER_PATHS = NO;
				CLANG_ANALYZER_NONNULL = YES;
				CLANG_ANALYZER_NUMBER_OBJECT_CONVERSION = YES_AGGRESSIVE;
				CLANG_CXX_LANGUAGE_STANDARD = "gnu++17";
				CLANG_ENABLE_MODULES = YES;
				CLANG_ENABLE_OBJC_ARC = YES;
				CLANG_ENABLE_OBJC_WEAK = YES;
				CLANG_WARN_BLOCK_CAPTURE_AUTORELEASING = YES;
				CLANG_WARN_BOOL_CONVERSION = YES;
				CLANG_WARN_COMMA = YES;
				CLANG_WARN_CONSTANT_CONVERSION = YES;
				CLANG_WARN_DEPRECATED_OBJC_IMPLEMENTATIONS = YES;
				CLANG_WARN_DIRECT_OBJC_ISA_USAGE = YES_ERROR;
				CLANG_WARN_DOCUMENTATION_COMMENTS = YES;
				CLANG_WARN_EMPTY_BODY = YES;
				CLANG_WARN_ENUM_CONVERSION = YES;
				CLANG_WARN_INFINITE_RECURSION = YES;
				CLANG_WARN_INT_CONVERSION = YES;
				CLANG_WARN_NON_LITERAL_NULL_CONVERSION = YES;
				CLANG_WARN_OBJC_IMPLICIT_RETAIN_SELF = YES;
				CLANG_WARN_OBJC_LITERAL_CONVERSION = YES;
				CLANG_WARN_OBJC_ROOT_CLASS = YES_ERROR;
				CLANG_WARN_QUOTED_INCLUDE_IN_FRAMEWORK_HEADER = YES;
				CLANG_WARN_RANGE_LOOP_ANALYSIS = YES;
				CLANG_WARN_STRICT_PROTOTYPES = YES;
				CLANG_WARN_SUSPICIOUS_MOVE = YES;
				CLANG_WARN_UNGUARDED_AVAILABILITY = YES_AGGRESSIVE;
				CLANG_WARN_UNREACHABLE_CODE = YES;
				CLANG_WARN__DUPLICATE_METHOD_MATCH = YES;
				COPY_PHASE_STRIP = NO;
				DEBUG_INFORMATION_FORMAT = dwarf;
				ENABLE_STRICT_OBJC_MSGSEND = YES;
				ENABLE_TESTABILITY = YES;
				GCC_C_LANGUAGE_STANDARD = gnu11;
				GCC_DYNAMIC_NO_PIC = NO;
				GCC_NO_COMMON_BLOCKS = YES;
				GCC_OPTIMIZATION_LEVEL = 0;
				GCC_PREPROCESSOR_DEFINITIONS = (
					"DEBUG=1",
					"$(inherited)",
				);
				GCC_WARN_64_TO_32_BIT_CONVERSION = YES;
				GCC_WARN_ABOUT_RETURN_TYPE = YES_ERROR;
				GCC_WARN_UNDECLARED_SELECTOR = YES;
				GCC_WARN_UNINITIALIZED_AUTOS = YES_AGGRESSIVE;
				GCC_WARN_UNUSED_FUNCTION = YES;
				GCC_WARN_UNUSED_VARIABLE = YES;
				IPHONEOS_DEPLOYMENT_TARGET = 15.5;
				MTL_ENABLE_DEBUG_INFO = INCLUDE_SOURCE;
				MTL_FAST_MATH = YES;
				ONLY_ACTIVE_ARCH = YES;
				SDKROOT = iphoneos;
				SWIFT_ACTIVE_COMPILATION_CONDITIONS = DEBUG;
				SWIFT_OPTIMIZATION_LEVEL = "-Onone";
			};
			name = Debug;
		};
		9DEF38142909B81700B5AA97 /* Release */ = {
			isa = XCBuildConfiguration;
			buildSettings = {
				ALWAYS_SEARCH_USER_PATHS = NO;
				CLANG_ANALYZER_NONNULL = YES;
				CLANG_ANALYZER_NUMBER_OBJECT_CONVERSION = YES_AGGRESSIVE;
				CLANG_CXX_LANGUAGE_STANDARD = "gnu++17";
				CLANG_ENABLE_MODULES = YES;
				CLANG_ENABLE_OBJC_ARC = YES;
				CLANG_ENABLE_OBJC_WEAK = YES;
				CLANG_WARN_BLOCK_CAPTURE_AUTORELEASING = YES;
				CLANG_WARN_BOOL_CONVERSION = YES;
				CLANG_WARN_COMMA = YES;
				CLANG_WARN_CONSTANT_CONVERSION = YES;
				CLANG_WARN_DEPRECATED_OBJC_IMPLEMENTATIONS = YES;
				CLANG_WARN_DIRECT_OBJC_ISA_USAGE = YES_ERROR;
				CLANG_WARN_DOCUMENTATION_COMMENTS = YES;
				CLANG_WARN_EMPTY_BODY = YES;
				CLANG_WARN_ENUM_CONVERSION = YES;
				CLANG_WARN_INFINITE_RECURSION = YES;
				CLANG_WARN_INT_CONVERSION = YES;
				CLANG_WARN_NON_LITERAL_NULL_CONVERSION = YES;
				CLANG_WARN_OBJC_IMPLICIT_RETAIN_SELF = YES;
				CLANG_WARN_OBJC_LITERAL_CONVERSION = YES;
				CLANG_WARN_OBJC_ROOT_CLASS = YES_ERROR;
				CLANG_WARN_QUOTED_INCLUDE_IN_FRAMEWORK_HEADER = YES;
				CLANG_WARN_RANGE_LOOP_ANALYSIS = YES;
				CLANG_WARN_STRICT_PROTOTYPES = YES;
				CLANG_WARN_SUSPICIOUS_MOVE = YES;
				CLANG_WARN_UNGUARDED_AVAILABILITY = YES_AGGRESSIVE;
				CLANG_WARN_UNREACHABLE_CODE = YES;
				CLANG_WARN__DUPLICATE_METHOD_MATCH = YES;
				COPY_PHASE_STRIP = NO;
				DEBUG_INFORMATION_FORMAT = "dwarf-with-dsym";
				ENABLE_NS_ASSERTIONS = NO;
				ENABLE_STRICT_OBJC_MSGSEND = YES;
				GCC_C_LANGUAGE_STANDARD = gnu11;
				GCC_NO_COMMON_BLOCKS = YES;
				GCC_WARN_64_TO_32_BIT_CONVERSION = YES;
				GCC_WARN_ABOUT_RETURN_TYPE = YES_ERROR;
				GCC_WARN_UNDECLARED_SELECTOR = YES;
				GCC_WARN_UNINITIALIZED_AUTOS = YES_AGGRESSIVE;
				GCC_WARN_UNUSED_FUNCTION = YES;
				GCC_WARN_UNUSED_VARIABLE = YES;
				IPHONEOS_DEPLOYMENT_TARGET = 15.5;
				MTL_ENABLE_DEBUG_INFO = NO;
				MTL_FAST_MATH = YES;
				SDKROOT = iphoneos;
				SWIFT_COMPILATION_MODE = wholemodule;
				SWIFT_OPTIMIZATION_LEVEL = "-O";
				VALIDATE_PRODUCT = YES;
			};
			name = Release;
		};
		9DEF38162909B81700B5AA97 /* Debug */ = {
			isa = XCBuildConfiguration;
			baseConfigurationReference = FF1B5DBD55C76A6867A51259 /* Pods-MyGumiTimer.debug.xcconfig */;
			buildSettings = {
				ASSETCATALOG_COMPILER_APPICON_NAME = AppIcon;
				ASSETCATALOG_COMPILER_GLOBAL_ACCENT_COLOR_NAME = AccentColor;
				CODE_SIGN_STYLE = Automatic;
				CURRENT_PROJECT_VERSION = 1;
				DEVELOPMENT_TEAM = ZDJ95T6M99;
				GENERATE_INFOPLIST_FILE = YES;
				INFOPLIST_FILE = MyGumiTimer/Info.plist;
				INFOPLIST_KEY_UIApplicationSupportsIndirectInputEvents = YES;
				INFOPLIST_KEY_UILaunchStoryboardName = LaunchScreen;
				INFOPLIST_KEY_UIMainStoryboardFile = Main;
				INFOPLIST_KEY_UISupportedInterfaceOrientations_iPad = "UIInterfaceOrientationPortrait UIInterfaceOrientationPortraitUpsideDown UIInterfaceOrientationLandscapeLeft UIInterfaceOrientationLandscapeRight";
				INFOPLIST_KEY_UISupportedInterfaceOrientations_iPhone = "UIInterfaceOrientationPortrait UIInterfaceOrientationLandscapeLeft UIInterfaceOrientationLandscapeRight";
				LD_RUNPATH_SEARCH_PATHS = (
					"$(inherited)",
					"@executable_path/Frameworks",
				);
				MARKETING_VERSION = 1.0;
				PRODUCT_BUNDLE_IDENTIFIER = com.wwoods.MyGumiTimer;
				PRODUCT_NAME = "$(TARGET_NAME)";
				SWIFT_EMIT_LOC_STRINGS = YES;
				SWIFT_VERSION = 5.0;
				TARGETED_DEVICE_FAMILY = "1,2";
			};
			name = Debug;
		};
		9DEF38172909B81700B5AA97 /* Release */ = {
			isa = XCBuildConfiguration;
			baseConfigurationReference = 6F5CEE7EAA3945D73BC8FB69 /* Pods-MyGumiTimer.release.xcconfig */;
			buildSettings = {
				ASSETCATALOG_COMPILER_APPICON_NAME = AppIcon;
				ASSETCATALOG_COMPILER_GLOBAL_ACCENT_COLOR_NAME = AccentColor;
				CODE_SIGN_STYLE = Automatic;
				CURRENT_PROJECT_VERSION = 1;
				DEVELOPMENT_TEAM = ZDJ95T6M99;
				GENERATE_INFOPLIST_FILE = YES;
				INFOPLIST_FILE = MyGumiTimer/Info.plist;
				INFOPLIST_KEY_UIApplicationSupportsIndirectInputEvents = YES;
				INFOPLIST_KEY_UILaunchStoryboardName = LaunchScreen;
				INFOPLIST_KEY_UIMainStoryboardFile = Main;
				INFOPLIST_KEY_UISupportedInterfaceOrientations_iPad = "UIInterfaceOrientationPortrait UIInterfaceOrientationPortraitUpsideDown UIInterfaceOrientationLandscapeLeft UIInterfaceOrientationLandscapeRight";
				INFOPLIST_KEY_UISupportedInterfaceOrientations_iPhone = "UIInterfaceOrientationPortrait UIInterfaceOrientationLandscapeLeft UIInterfaceOrientationLandscapeRight";
				LD_RUNPATH_SEARCH_PATHS = (
					"$(inherited)",
					"@executable_path/Frameworks",
				);
				MARKETING_VERSION = 1.0;
				PRODUCT_BUNDLE_IDENTIFIER = com.wwoods.MyGumiTimer;
				PRODUCT_NAME = "$(TARGET_NAME)";
				SWIFT_EMIT_LOC_STRINGS = YES;
				SWIFT_VERSION = 5.0;
				TARGETED_DEVICE_FAMILY = "1,2";
			};
			name = Release;
		};
/* End XCBuildConfiguration section */

/* Begin XCConfigurationList section */
		9DEF37FC2909B81700B5AA97 /* Build configuration list for PBXProject "MyGumiTimer" */ = {
			isa = XCConfigurationList;
			buildConfigurations = (
				9DEF38132909B81700B5AA97 /* Debug */,
				9DEF38142909B81700B5AA97 /* Release */,
			);
			defaultConfigurationIsVisible = 0;
			defaultConfigurationName = Release;
		};
		9DEF38152909B81700B5AA97 /* Build configuration list for PBXNativeTarget "MyGumiTimer" */ = {
			isa = XCConfigurationList;
			buildConfigurations = (
				9DEF38162909B81700B5AA97 /* Debug */,
				9DEF38172909B81700B5AA97 /* Release */,
			);
			defaultConfigurationIsVisible = 0;
			defaultConfigurationName = Release;
		};
/* End XCConfigurationList section */
	};
	rootObject = 9DEF37F92909B81700B5AA97 /* Project object */;
}
